{
  "version": 4,
  "terraform_version": "1.13.1",
  "serial": 59,
  "lineage": "7c894123-9149-67c4-1b2c-4f0f5460c730",
  "outputs": {
    "artifact_repo": {
      "value": "springboot-artifacts",
      "type": "string"
    },
    "gke_cluster_name": {
      "value": "demo-gke-cluster",
      "type": "string"
    }
  },
  "resources": [
    {
      "mode": "data",
      "type": "google_project",
      "name": "project",
      "provider": "provider[\"registry.terraform.io/hashicorp/google\"]",
      "instances": [
        {
          "schema_version": 0,
          "attributes": {
            "auto_create_network": null,
            "billing_account": "011C63-5CF4D9-3D9766",
            "folder_id": null,
            "id": "projects/student-registry-kub-jenkins",
            "labels": {},
            "name": "student-registry-kub-jenkins",
            "number": "780377495777",
            "org_id": null,
            "project_id": "student-registry-kub-jenkins",
            "skip_delete": null
          },
          "sensitive_attributes": [],
          "identity_schema_version": 0
        }
      ]
    },
    {
      "mode": "managed",
      "type": "google_artifact_registry_repository",
      "name": "repo",
      "provider": "provider[\"registry.terraform.io/hashicorp/google\"]",
      "instances": [
        {
          "schema_version": 0,
          "attributes": {
            "create_time": "2025-11-18T16:23:17.838373Z",
            "description": "Docker repository for springboot images",
            "docker_config": [],
            "format": "DOCKER",
            "id": "projects/student-registry-kub-jenkins/locations/us-central1/repositories/springboot-artifacts",
            "kms_key_name": "",
            "labels": null,
            "location": "us-central1",
            "maven_config": [],
            "mode": "STANDARD_REPOSITORY",
            "name": "springboot-artifacts",
            "project": "student-registry-kub-jenkins",
            "remote_repository_config": [],
            "repository_id": "springboot-artifacts",
            "timeouts": null,
            "update_time": "2025-11-18T16:23:17.838373Z",
            "virtual_repository_config": []
          },
          "sensitive_attributes": [],
          "identity_schema_version": 0,
          "private": "eyJlMmJmYjczMC1lY2FhLTExZTYtOGY4OC0zNDM2M2JjN2M0YzAiOnsiY3JlYXRlIjoxMjAwMDAwMDAwMDAwLCJkZWxldGUiOjEyMDAwMDAwMDAwMDAsInVwZGF0ZSI6MTIwMDAwMDAwMDAwMH19"
        }
      ]
    },
    {
      "mode": "managed",
      "type": "google_bigquery_dataset",
      "name": "app_logs_dataset",
      "provider": "provider[\"registry.terraform.io/hashicorp/google\"]",
      "instances": [
        {
          "schema_version": 0,
          "attributes": {
            "access": [
              {
                "dataset": [],
                "domain": "",
                "group_by_email": "",
                "role": "OWNER",
                "routine": [],
                "special_group": "",
                "user_by_email": "gcloud.in2025@gmail.com",
                "view": []
              },
              {
                "dataset": [],
                "domain": "",
                "group_by_email": "",
                "role": "OWNER",
                "routine": [],
                "special_group": "projectOwners",
                "user_by_email": "",
                "view": []
              },
              {
                "dataset": [],
                "domain": "",
                "group_by_email": "",
                "role": "READER",
                "routine": [],
                "special_group": "projectReaders",
                "user_by_email": "",
                "view": []
              },
              {
                "dataset": [],
                "domain": "",
                "group_by_email": "",
                "role": "WRITER",
                "routine": [],
                "special_group": "projectWriters",
                "user_by_email": "",
                "view": []
              }
            ],
            "creation_time": -385333732,
            "dataset_id": "springboot_logs",
            "default_collation": "",
            "default_encryption_configuration": [],
            "default_partition_expiration_ms": 0,
            "default_table_expiration_ms": 0,
            "delete_contents_on_destroy": false,
            "description": "Stores application logs exported from Cloud Logging",
            "etag": "9SwXTA3GYSY+0mVS1xm9dw==",
            "friendly_name": "",
            "id": "projects/student-registry-kub-jenkins/datasets/springboot_logs",
            "is_case_insensitive": false,
            "labels": {},
            "last_modified_time": -382457544,
            "location": "us-central1",
            "max_time_travel_hours": "168",
            "project": "student-registry-kub-jenkins",
            "self_link": "https://bigquery.googleapis.com/bigquery/v2/projects/student-registry-kub-jenkins/datasets/springboot_logs",
            "storage_billing_model": "",
            "timeouts": null
          },
          "sensitive_attributes": [],
          "identity_schema_version": 0,
          "private": "eyJlMmJmYjczMC1lY2FhLTExZTYtOGY4OC0zNDM2M2JjN2M0YzAiOnsiY3JlYXRlIjoxMjAwMDAwMDAwMDAwLCJkZWxldGUiOjEyMDAwMDAwMDAwMDAsInVwZGF0ZSI6MTIwMDAwMDAwMDAwMH19"
        }
      ]
    },
    {
      "mode": "managed",
      "type": "google_bigquery_dataset_iam_member",
      "name": "sink_writer",
      "provider": "provider[\"registry.terraform.io/hashicorp/google\"]",
      "instances": [
        {
          "schema_version": 0,
          "attributes": {
            "condition": [],
            "dataset_id": "springboot_logs",
            "etag": "",
            "id": "projects/student-registry-kub-jenkins/datasets/springboot_logs/roles/bigquery.dataEditor/serviceAccount:service-780377495777@gcp-sa-logging.iam.gserviceaccount.com",
            "member": "serviceAccount:service-780377495777@gcp-sa-logging.iam.gserviceaccount.com",
            "project": "student-registry-kub-jenkins",
            "role": "roles/bigquery.dataEditor"
          },
          "sensitive_attributes": [],
          "identity_schema_version": 0,
          "private": "bnVsbA==",
          "dependencies": [
            "google_bigquery_dataset.app_logs_dataset",
            "google_logging_project_sink.app_logs_sink"
          ]
        }
      ]
    },
    {
      "mode": "managed",
      "type": "google_container_cluster",
      "name": "primary",
      "provider": "provider[\"registry.terraform.io/hashicorp/google\"]",
      "instances": [
        {
          "schema_version": 1,
          "attributes": {
            "addons_config": [
              {
                "cloudrun_config": [],
                "config_connector_config": [],
                "dns_cache_config": [],
                "gce_persistent_disk_csi_driver_config": [
                  {
                    "enabled": true
                  }
                ],
                "gcp_filestore_csi_driver_config": [],
                "gcs_fuse_csi_driver_config": [],
                "gke_backup_agent_config": [],
                "horizontal_pod_autoscaling": [],
                "http_load_balancing": [],
                "network_policy_config": [
                  {
                    "disabled": true
                  }
                ]
              }
            ],
            "allow_net_admin": null,
            "authenticator_groups_config": [],
            "binary_authorization": [
              {
                "enabled": false,
                "evaluation_mode": ""
              }
            ],
            "cluster_autoscaling": [
              {
                "auto_provisioning_defaults": [],
                "enabled": false,
                "resource_limits": []
              }
            ],
            "cluster_ipv4_cidr": "10.12.0.0/14",
            "confidential_nodes": [],
            "cost_management_config": [],
            "database_encryption": [
              {
                "key_name": "",
                "state": "DECRYPTED"
              }
            ],
            "datapath_provider": "",
            "default_max_pods_per_node": null,
            "default_snat_status": [
              {
                "disabled": false
              }
            ],
            "description": "",
            "dns_config": [],
            "enable_autopilot": false,
            "enable_binary_authorization": false,
            "enable_intranode_visibility": false,
            "enable_k8s_beta_apis": [],
            "enable_kubernetes_alpha": false,
            "enable_l4_ilb_subsetting": false,
            "enable_legacy_abac": false,
            "enable_shielded_nodes": true,
            "enable_tpu": false,
            "endpoint": "34.30.108.250",
            "gateway_api_config": [],
            "id": "projects/student-registry-kub-jenkins/locations/us-central1-a/clusters/demo-gke-cluster",
            "initial_node_count": 1,
            "ip_allocation_policy": [],
            "label_fingerprint": "a9dc16a7",
            "location": "us-central1-a",
            "logging_config": [
              {
                "enable_components": [
                  "SYSTEM_COMPONENTS",
                  "WORKLOADS"
                ]
              }
            ],
            "logging_service": "logging.googleapis.com/kubernetes",
            "maintenance_policy": [],
            "master_auth": [
              {
                "client_certificate": "",
                "client_certificate_config": [
                  {
                    "issue_client_certificate": false
                  }
                ],
                "client_key": "",
                "cluster_ca_certificate": "LS0tLS1CRUdJTiBDRVJUSUZJQ0FURS0tLS0tCk1JSUVMVENDQXBXZ0F3SUJBZ0lSQU0yekVlL0JVVU9HbjZGLzVOTkFsYU13RFFZSktvWklodmNOQVFFTEJRQXcKTHpFdE1Dc0dBMVVFQXhNa016TmxOV1EzWTJFdFltWmlPQzAwTkdGaUxXRTJNVEF0WkdKaU5qa3lORGRpWTJSawpNQ0FYRFRJMU1URXhPREUxTWpNeE9Wb1lEekl3TlRVeE1URXhNVFl5TXpFNVdqQXZNUzB3S3dZRFZRUURFeVF6Ck0yVTFaRGRqWVMxaVptSTRMVFEwWVdJdFlUWXhNQzFrWW1JMk9USTBOMkpqWkdRd2dnR2lNQTBHQ1NxR1NJYjMKRFFFQkFRVUFBNElCandBd2dnR0tBb0lCZ1FDZUVIcVBpUU5USXRrZGFhL1cxZEdNRWVlWFlSZkVVY2ZSNzRrTgowejJMN2xyRUlmMlNyOTU3R1FKN0hvaFZnTmdzbHl0ek90R3h0S2k4UkZWRExEeHltekNWN1o1bElidVZRMU1TCjVCVVJlZUpMT3hleWpObGVNY0F6QnNDOFdiUS8zbWlyQjBkeGc4d2IwKysyOUt6dEFpNnhOWDBwQ3Q0bFV5aEMKTXgrWjBqYUY0OFdpNkJDUmIzOEZmZDc2MDZHRm9NVS9RUjh3Z2syeGlnS0xOQ25SMFVVY0Q1WHF5YnBqZW43UApwN1pLejVROUYwT2NZZ3pxbWVTRHlMY3hKMXFuYUI1U0hRdllWWGlPZTMvOVFuNjcvMWNaeDI1a2pxTXJlanNwCm56R3V5bDI1NnM4SG5QYmZLNTQyMVJ6dFZ4bHIxM21abXRPUHB1dXpKRWVtT3N3d3VoNyt0eU56RmV2dFF0emQKYWhkY2tQWlgvZVNNS3lleVlqY2xkK2xlN2ZDWEdNUGZFLyt3LzFyaHp4NTVtUnczZUpmRGNzZ2h3WmJFdE5tRQpJK2c5Z1JUcXJTZlNKZUptU0UwY0wxRC85RlROK05va2RVWmN5Vi9KSm5ISG9NY0Y2YVB4MElwMGpFR2VvclVpCmJRN2VsZ2ZJdTF3aHcrZCtLcnpIMjNha3h0Y0NBd0VBQWFOQ01FQXdEZ1lEVlIwUEFRSC9CQVFEQWdJRU1BOEcKQTFVZEV3RUIvd1FGTUFNQkFmOHdIUVlEVlIwT0JCWUVGRzNRNGgzYUlsMXliaFZCZEl3a0M2ZnR3ZW1jTUEwRwpDU3FHU0liM0RRRUJDd1VBQTRJQmdRQlhTcWU0NkdLdnVOM01nNWJpYVNmek1KSEtTUVQrcVZ2WkM5d3l1S0w2ClVDRHNtMStZTE4rZ2dvWDc5SlVkOWJGOGp4NTFDMHVkOEpFbVBZQ2luZ1doZ0kvM1h6cGxjWEZQRFhJa2FSNXMKQzJidzJlVFp5WDhaWjh6R0R2cWFGeWoxRDFHWmkwQ29QOVJ4VVJlOGQwdzQ1aHVlT0RHTlhqSHB6K3NDK1Vvcgp6R051dk1zVmVKS1M4SXpWcUpJeGVab0RSaWlaZDdSa0FzWnVqL2FTc21rNnZjSlRFbm5obGx5ZWQ2SUE5ZkJBCm56clp2S1RHcE1JUjR4cDFlQXVITDIvdGtQMFpYUkZweDhLU0xzcE9wWFhVN1J4bCsxK0dMUzczSnZ3OVBhR2IKWkFCcUpPL1N3T0FiUlZOWmlCSGplTXlybEM3bDlPMUc5b3oza1YyWlR2a0haQWQ2R1hObkF2Wkl3V3g1S29zVgpDY1FVRmdpWit3dXhsQnplRkFiSzd1czdiNkdXTVV3OEQyWTM5dk93S3pBMjBocnZjd0l0d0oycDlOYmI0TkJ3CkhUZXZkMTlSd3R4L1lZcVNCWE91N0Q3djNXcFluUk1QZjZTYVU4bU1palNIejdDUFgwdDhKRlhlRjVvazlGS0MKdnZkbFV6L0UvM1Nqelo1QS9HbEpsaUU9Ci0tLS0tRU5EIENFUlRJRklDQVRFLS0tLS0K"
              }
            ],
            "master_authorized_networks_config": [],
            "master_version": "1.33.5-gke.1201000",
            "mesh_certificates": [],
            "min_master_version": null,
            "monitoring_config": [
              {
                "advanced_datapath_observability_config": [
                  {
                    "enable_metrics": false,
                    "relay_mode": ""
                  }
                ],
                "enable_components": [
                  "SYSTEM_COMPONENTS",
                  "DEPLOYMENT",
                  "STATEFULSET",
                  "JOBSET",
                  "STORAGE",
                  "HPA",
                  "POD",
                  "DAEMONSET",
                  "CADVISOR",
                  "KUBELET",
                  "DCGM"
                ],
                "managed_prometheus": [
                  {
                    "enabled": true
                  }
                ]
              }
            ],
            "monitoring_service": "monitoring.googleapis.com/kubernetes",
            "name": "demo-gke-cluster",
            "network": "projects/student-registry-kub-jenkins/global/networks/default",
            "network_policy": [
              {
                "enabled": false,
                "provider": "PROVIDER_UNSPECIFIED"
              }
            ],
            "networking_mode": "ROUTES",
            "node_config": [
              {
                "advanced_machine_features": [],
                "boot_disk_kms_key": "",
                "confidential_nodes": [],
                "disk_size_gb": 100,
                "disk_type": "pd-balanced",
                "ephemeral_storage_local_ssd_config": [],
                "fast_socket": [],
                "gcfs_config": [],
                "guest_accelerator": [],
                "gvnic": [],
                "host_maintenance_policy": [],
                "image_type": "COS_CONTAINERD",
                "kubelet_config": [
                  {
                    "cpu_cfs_quota": false,
                    "cpu_cfs_quota_period": "",
                    "cpu_manager_policy": "",
                    "pod_pids_limit": 0
                  }
                ],
                "labels": {},
                "linux_node_config": [],
                "local_nvme_ssd_block_config": [],
                "local_ssd_count": 0,
                "logging_variant": "DEFAULT",
                "machine_type": "e2-medium",
                "metadata": {
                  "disable-legacy-endpoints": "true"
                },
                "min_cpu_platform": "",
                "node_group": "",
                "oauth_scopes": [
                  "https://www.googleapis.com/auth/cloud-platform"
                ],
                "preemptible": false,
                "reservation_affinity": [],
                "resource_labels": {
                  "goog-gke-node-pool-provisioning-model": "on-demand"
                },
                "service_account": "default",
                "shielded_instance_config": [
                  {
                    "enable_integrity_monitoring": true,
                    "enable_secure_boot": false
                  }
                ],
                "sole_tenant_config": [],
                "spot": false,
                "tags": null,
                "taint": [],
                "workload_metadata_config": []
              }
            ],
            "node_locations": [],
            "node_pool": [
              {
                "autoscaling": [],
                "initial_node_count": 1,
                "instance_group_urls": [
                  "https://www.googleapis.com/compute/v1/projects/student-registry-kub-jenkins/zones/us-central1-a/instanceGroupManagers/gke-demo-gke-cluster-default-pool-3f55bc57-grp"
                ],
                "managed_instance_group_urls": [
                  "https://www.googleapis.com/compute/v1/projects/student-registry-kub-jenkins/zones/us-central1-a/instanceGroups/gke-demo-gke-cluster-default-pool-3f55bc57-grp"
                ],
                "management": [
                  {
                    "auto_repair": true,
                    "auto_upgrade": true
                  }
                ],
                "max_pods_per_node": 0,
                "name": "default-pool",
                "name_prefix": "",
                "network_config": [],
                "node_config": [
                  {
                    "advanced_machine_features": [],
                    "boot_disk_kms_key": "",
                    "confidential_nodes": [],
                    "disk_size_gb": 100,
                    "disk_type": "pd-balanced",
                    "ephemeral_storage_local_ssd_config": [],
                    "fast_socket": [],
                    "gcfs_config": [],
                    "guest_accelerator": [],
                    "gvnic": [],
                    "host_maintenance_policy": [],
                    "image_type": "COS_CONTAINERD",
                    "kubelet_config": [
                      {
                        "cpu_cfs_quota": false,
                        "cpu_cfs_quota_period": "",
                        "cpu_manager_policy": "",
                        "pod_pids_limit": 0
                      }
                    ],
                    "labels": {},
                    "linux_node_config": [],
                    "local_nvme_ssd_block_config": [],
                    "local_ssd_count": 0,
                    "logging_variant": "DEFAULT",
                    "machine_type": "e2-medium",
                    "metadata": {
                      "disable-legacy-endpoints": "true"
                    },
                    "min_cpu_platform": "",
                    "node_group": "",
                    "oauth_scopes": [
                      "https://www.googleapis.com/auth/cloud-platform"
                    ],
                    "preemptible": false,
                    "reservation_affinity": [],
                    "resource_labels": {
                      "goog-gke-node-pool-provisioning-model": "on-demand"
                    },
                    "service_account": "default",
                    "shielded_instance_config": [
                      {
                        "enable_integrity_monitoring": true,
                        "enable_secure_boot": false
                      }
                    ],
                    "sole_tenant_config": [],
                    "spot": false,
                    "tags": [],
                    "taint": [],
                    "workload_metadata_config": []
                  }
                ],
                "node_count": 1,
                "node_locations": [
                  "us-central1-a"
                ],
                "placement_policy": [],
                "upgrade_settings": [
                  {
                    "blue_green_settings": [],
                    "max_surge": 1,
                    "max_unavailable": 0,
                    "strategy": "SURGE"
                  }
                ],
                "version": "1.33.5-gke.1201000"
              }
            ],
            "node_pool_auto_config": [
              {
                "network_tags": null
              }
            ],
            "node_pool_defaults": [
              {
                "node_config_defaults": [
                  {
                    "logging_variant": "DEFAULT"
                  }
                ]
              }
            ],
            "node_version": "1.33.5-gke.1201000",
            "notification_config": [
              {
                "pubsub": [
                  {
                    "enabled": false,
                    "filter": [],
                    "topic": ""
                  }
                ]
              }
            ],
            "operation": null,
            "private_cluster_config": [
              {
                "enable_private_endpoint": false,
                "enable_private_nodes": false,
                "master_global_access_config": [
                  {
                    "enabled": false
                  }
                ],
                "master_ipv4_cidr_block": "",
                "peering_name": "",
                "private_endpoint": "10.128.0.4",
                "private_endpoint_subnetwork": "",
                "public_endpoint": "34.30.108.250"
              }
            ],
            "private_ipv6_google_access": "",
            "project": "student-registry-kub-jenkins",
            "release_channel": [
              {
                "channel": "REGULAR"
              }
            ],
            "remove_default_node_pool": false,
            "resource_labels": null,
            "resource_usage_export_config": [],
            "security_posture_config": [
              {
                "mode": "BASIC",
                "vulnerability_mode": "VULNERABILITY_MODE_UNSPECIFIED"
              }
            ],
            "self_link": "https://container.googleapis.com/v1/projects/student-registry-kub-jenkins/zones/us-central1-a/clusters/demo-gke-cluster",
            "service_external_ips_config": [
              {
                "enabled": false
              }
            ],
            "services_ipv4_cidr": "10.15.240.0/20",
            "subnetwork": "projects/student-registry-kub-jenkins/regions/us-central1/subnetworks/default",
            "timeouts": null,
            "tpu_ipv4_cidr_block": "",
            "vertical_pod_autoscaling": [],
            "workload_identity_config": []
          },
          "sensitive_attributes": [
            [
              {
                "type": "get_attr",
                "value": "master_auth"
              },
              {
                "type": "index",
                "value": {
                  "value": 0,
                  "type": "number"
                }
              },
              {
                "type": "get_attr",
                "value": "client_key"
              }
            ]
          ],
          "identity_schema_version": 0,
          "private": "eyJlMmJmYjczMC1lY2FhLTExZTYtOGY4OC0zNDM2M2JjN2M0YzAiOnsiY3JlYXRlIjoyNDAwMDAwMDAwMDAwLCJkZWxldGUiOjI0MDAwMDAwMDAwMDAsInJlYWQiOjI0MDAwMDAwMDAwMDAsInVwZGF0ZSI6MzYwMDAwMDAwMDAwMH0sInNjaGVtYV92ZXJzaW9uIjoiMSJ9"
        }
      ]
    },
    {
      "mode": "managed",
      "type": "google_logging_project_sink",
      "name": "app_logs_sink",
      "provider": "provider[\"registry.terraform.io/hashicorp/google\"]",
      "instances": [
        {
          "schema_version": 0,
          "attributes": {
            "bigquery_options": [],
            "description": "",
            "destination": "bigquery.googleapis.com/projects/student-registry-kub-jenkins/datasets/springboot_logs",
            "disabled": false,
            "exclusions": [],
            "filter": "resource.type=\"k8s_container\" AND textPayload:(\"ERROR\" OR \"Exception\")",
            "id": "projects/student-registry-kub-jenkins/sinks/springboot-log-sink",
            "name": "springboot-log-sink",
            "project": "student-registry-kub-jenkins",
            "unique_writer_identity": true,
            "writer_identity": "serviceAccount:service-780377495777@gcp-sa-logging.iam.gserviceaccount.com"
          },
          "sensitive_attributes": [],
          "identity_schema_version": 0,
          "private": "bnVsbA==",
          "dependencies": [
            "google_bigquery_dataset.app_logs_dataset"
          ]
        }
      ]
    },
    {
      "mode": "managed",
      "type": "google_monitoring_alert_policy",
      "name": "springboot_error_alert",
      "provider": "provider[\"registry.terraform.io/hashicorp/google\"]",
      "instances": [
        {
          "schema_version": 0,
          "attributes": {
            "alert_strategy": [
              {
                "auto_close": "",
                "notification_channel_strategy": [],
                "notification_rate_limit": [
                  {
                    "period": "3600s"
                  }
                ]
              }
            ],
            "combiner": "OR",
            "conditions": [
              {
                "condition_absent": [],
                "condition_matched_log": [
                  {
                    "filter": "resource.type=\"k8s_container\" AND textPayload:\"ERROR\"",
                    "label_extractors": null
                  }
                ],
                "condition_monitoring_query_language": [],
                "condition_prometheus_query_language": [],
                "condition_threshold": [],
                "display_name": "App logs contain ERROR",
                "name": "projects/student-registry-kub-jenkins/alertPolicies/14580875120554257745/conditions/14580875120554257428"
              }
            ],
            "creation_record": [
              {
                "mutate_time": "2025-11-18T16:23:21.557576479Z",
                "mutated_by": "gcloud.in2025@gmail.com"
              }
            ],
            "display_name": "Spring Boot ERROR log alert",
            "documentation": [
              {
                "content": "An ERROR log was detected in the Spring Boot application.",
                "mime_type": "text/markdown"
              }
            ],
            "enabled": true,
            "id": "projects/student-registry-kub-jenkins/alertPolicies/14580875120554257745",
            "name": "projects/student-registry-kub-jenkins/alertPolicies/14580875120554257745",
            "notification_channels": [
              "projects/student-registry-kub-jenkins/notificationChannels/8214934280668626748"
            ],
            "project": "student-registry-kub-jenkins",
            "timeouts": null,
            "user_labels": null
          },
          "sensitive_attributes": [],
          "identity_schema_version": 0,
          "private": "eyJlMmJmYjczMC1lY2FhLTExZTYtOGY4OC0zNDM2M2JjN2M0YzAiOnsiY3JlYXRlIjoxMjAwMDAwMDAwMDAwLCJkZWxldGUiOjEyMDAwMDAwMDAwMDAsInVwZGF0ZSI6MTIwMDAwMDAwMDAwMH19",
          "dependencies": [
            "google_monitoring_notification_channel.email"
          ]
        }
      ]
    },
    {
      "mode": "managed",
      "type": "google_monitoring_dashboard",
      "name": "springboot_dashboard",
      "provider": "provider[\"registry.terraform.io/hashicorp/google\"]",
      "instances": [
        {
          "schema_version": 0,
          "attributes": {
            "dashboard_json": "{\"displayName\":\"Spring Boot Application Monitoring\",\"etag\":\"41d4f4043022e244d0909d7085eea4fb\",\"gridLayout\":{\"columns\":\"2\",\"widgets\":[{\"title\":\"GKE Pod CPU Utilization\",\"xyChart\":{\"dataSets\":[{\"plotType\":\"LINE\",\"targetAxis\":\"Y1\",\"timeSeriesQuery\":{\"timeSeriesFilter\":{\"aggregation\":{\"alignmentPeriod\":\"60s\",\"perSeriesAligner\":\"ALIGN_MEAN\"},\"filter\":\"metric.type=\\\"kubernetes.io/container/cpu/utilization\\\"\"}}}]}},{\"title\":\"Pod Memory Utilization\",\"xyChart\":{\"dataSets\":[{\"plotType\":\"LINE\",\"targetAxis\":\"Y1\",\"timeSeriesQuery\":{\"timeSeriesFilter\":{\"aggregation\":{\"alignmentPeriod\":\"60s\",\"perSeriesAligner\":\"ALIGN_MEAN\"},\"filter\":\"metric.type=\\\"kubernetes.io/container/memory/utilization\\\"\"}}}]}}]},\"name\":\"projects/780377495777/dashboards/71177a52-3f6d-41c4-8d5e-858afedcaece\"}",
            "id": "projects/780377495777/dashboards/71177a52-3f6d-41c4-8d5e-858afedcaece",
            "project": "student-registry-kub-jenkins",
            "timeouts": null
          },
          "sensitive_attributes": [],
          "identity_schema_version": 0,
          "private": "eyJlMmJmYjczMC1lY2FhLTExZTYtOGY4OC0zNDM2M2JjN2M0YzAiOnsiY3JlYXRlIjoyNDAwMDAwMDAwMDAsImRlbGV0ZSI6MjQwMDAwMDAwMDAwLCJ1cGRhdGUiOjI0MDAwMDAwMDAwMH19"
        }
      ]
    },
    {
      "mode": "managed",
      "type": "google_monitoring_notification_channel",
      "name": "email",
      "provider": "provider[\"registry.terraform.io/hashicorp/google\"]",
      "instances": [
        {
          "schema_version": 0,
          "attributes": {
            "description": "",
            "display_name": "Ops email",
            "enabled": true,
            "force_delete": false,
            "id": "projects/student-registry-kub-jenkins/notificationChannels/8214934280668626748",
            "labels": {
              "email_address": "jbs.in222@gmail.com"
            },
            "name": "projects/student-registry-kub-jenkins/notificationChannels/8214934280668626748",
            "project": "student-registry-kub-jenkins",
            "sensitive_labels": [],
            "timeouts": null,
            "type": "email",
            "user_labels": null,
            "verification_status": ""
          },
          "sensitive_attributes": [],
          "identity_schema_version": 0,
          "private": "eyJlMmJmYjczMC1lY2FhLTExZTYtOGY4OC0zNDM2M2JjN2M0YzAiOnsiY3JlYXRlIjoxMjAwMDAwMDAwMDAwLCJkZWxldGUiOjEyMDAwMDAwMDAwMDAsInVwZGF0ZSI6MTIwMDAwMDAwMDAwMH19"
        }
      ]
    },
    {
      "mode": "managed",
      "type": "google_project_iam_member",
      "name": "cloudbuild_artifactwriter",
      "provider": "provider[\"registry.terraform.io/hashicorp/google\"]",
      "instances": [
        {
          "schema_version": 0,
          "attributes": {
            "condition": [],
            "etag": "BwZD4OHfGg0=",
            "id": "student-registry-kub-jenkins/roles/artifactregistry.writer/serviceAccount:780377495777@cloudbuild.gserviceaccount.com",
            "member": "serviceAccount:780377495777@cloudbuild.gserviceaccount.com",
            "project": "student-registry-kub-jenkins",
            "role": "roles/artifactregistry.writer"
          },
          "sensitive_attributes": [],
          "identity_schema_version": 0,
          "private": "bnVsbA==",
          "dependencies": [
            "data.google_project.project"
          ]
        }
      ]
    },
    {
      "mode": "managed",
      "type": "google_project_iam_member",
      "name": "cloudbuild_gke_deployer",
      "provider": "provider[\"registry.terraform.io/hashicorp/google\"]",
      "instances": [
        {
          "schema_version": 0,
          "attributes": {
            "condition": [],
            "etag": "BwZD4OHfGg0=",
            "id": "student-registry-kub-jenkins/roles/container.developer/serviceAccount:780377495777@cloudbuild.gserviceaccount.com",
            "member": "serviceAccount:780377495777@cloudbuild.gserviceaccount.com",
            "project": "student-registry-kub-jenkins",
            "role": "roles/container.developer"
          },
          "sensitive_attributes": [],
          "identity_schema_version": 0,
          "private": "bnVsbA==",
          "dependencies": [
            "data.google_project.project"
          ]
        }
      ]
    },
    {
      "mode": "managed",
      "type": "google_project_iam_member",
      "name": "cloudbuild_k8s_admin",
      "provider": "provider[\"registry.terraform.io/hashicorp/google\"]",
      "instances": [
        {
          "schema_version": 0,
          "attributes": {
            "condition": [],
            "etag": "BwZD4OHfGg0=",
            "id": "student-registry-kub-jenkins/roles/container.admin/serviceAccount:780377495777@cloudbuild.gserviceaccount.com",
            "member": "serviceAccount:780377495777@cloudbuild.gserviceaccount.com",
            "project": "student-registry-kub-jenkins",
            "role": "roles/container.admin"
          },
          "sensitive_attributes": [],
          "identity_schema_version": 0,
          "private": "bnVsbA==",
          "dependencies": [
            "data.google_project.project"
          ]
        }
      ]
    },
    {
      "mode": "managed",
      "type": "google_project_service",
      "name": "enable_apis",
      "provider": "provider[\"registry.terraform.io/hashicorp/google\"]",
      "instances": [
        {
          "index_key": "artifactregistry.googleapis.com",
          "schema_version": 0,
          "attributes": {
            "disable_dependent_services": null,
            "disable_on_destroy": true,
            "id": "student-registry-kub-jenkins/artifactregistry.googleapis.com",
            "project": "student-registry-kub-jenkins",
            "service": "artifactregistry.googleapis.com",
            "timeouts": null
          },
          "sensitive_attributes": [],
          "identity_schema_version": 0,
          "private": "eyJlMmJmYjczMC1lY2FhLTExZTYtOGY4OC0zNDM2M2JjN2M0YzAiOnsiY3JlYXRlIjoxMjAwMDAwMDAwMDAwLCJkZWxldGUiOjEyMDAwMDAwMDAwMDAsInJlYWQiOjYwMDAwMDAwMDAwMCwidXBkYXRlIjoxMjAwMDAwMDAwMDAwfX0="
        },
        {
          "index_key": "cloudbuild.googleapis.com",
          "schema_version": 0,
          "attributes": {
            "disable_dependent_services": null,
            "disable_on_destroy": true,
            "id": "student-registry-kub-jenkins/cloudbuild.googleapis.com",
            "project": "student-registry-kub-jenkins",
            "service": "cloudbuild.googleapis.com",
            "timeouts": null
          },
          "sensitive_attributes": [],
          "identity_schema_version": 0,
          "private": "eyJlMmJmYjczMC1lY2FhLTExZTYtOGY4OC0zNDM2M2JjN2M0YzAiOnsiY3JlYXRlIjoxMjAwMDAwMDAwMDAwLCJkZWxldGUiOjEyMDAwMDAwMDAwMDAsInJlYWQiOjYwMDAwMDAwMDAwMCwidXBkYXRlIjoxMjAwMDAwMDAwMDAwfX0="
        },
        {
          "index_key": "cloudresourcemanager.googleapis.com",
          "schema_version": 0,
          "attributes": {
            "disable_dependent_services": null,
            "disable_on_destroy": true,
            "id": "student-registry-kub-jenkins/cloudresourcemanager.googleapis.com",
            "project": "student-registry-kub-jenkins",
            "service": "cloudresourcemanager.googleapis.com",
            "timeouts": null
          },
          "sensitive_attributes": [],
          "identity_schema_version": 0,
          "private": "eyJlMmJmYjczMC1lY2FhLTExZTYtOGY4OC0zNDM2M2JjN2M0YzAiOnsiY3JlYXRlIjoxMjAwMDAwMDAwMDAwLCJkZWxldGUiOjEyMDAwMDAwMDAwMDAsInJlYWQiOjYwMDAwMDAwMDAwMCwidXBkYXRlIjoxMjAwMDAwMDAwMDAwfX0="
        },
        {
          "index_key": "container.googleapis.com",
          "schema_version": 0,
          "attributes": {
            "disable_dependent_services": null,
            "disable_on_destroy": true,
            "id": "student-registry-kub-jenkins/container.googleapis.com",
            "project": "student-registry-kub-jenkins",
            "service": "container.googleapis.com",
            "timeouts": null
          },
          "sensitive_attributes": [],
          "identity_schema_version": 0,
          "private": "eyJlMmJmYjczMC1lY2FhLTExZTYtOGY4OC0zNDM2M2JjN2M0YzAiOnsiY3JlYXRlIjoxMjAwMDAwMDAwMDAwLCJkZWxldGUiOjEyMDAwMDAwMDAwMDAsInJlYWQiOjYwMDAwMDAwMDAwMCwidXBkYXRlIjoxMjAwMDAwMDAwMDAwfX0="
        },
        {
          "index_key": "iam.googleapis.com",
          "schema_version": 0,
          "attributes": {
            "disable_dependent_services": null,
            "disable_on_destroy": true,
            "id": "student-registry-kub-jenkins/iam.googleapis.com",
            "project": "student-registry-kub-jenkins",
            "service": "iam.googleapis.com",
            "timeouts": null
          },
          "sensitive_attributes": [],
          "identity_schema_version": 0,
          "private": "eyJlMmJmYjczMC1lY2FhLTExZTYtOGY4OC0zNDM2M2JjN2M0YzAiOnsiY3JlYXRlIjoxMjAwMDAwMDAwMDAwLCJkZWxldGUiOjEyMDAwMDAwMDAwMDAsInJlYWQiOjYwMDAwMDAwMDAwMCwidXBkYXRlIjoxMjAwMDAwMDAwMDAwfX0="
        }
      ]
    },
    {
      "mode": "managed",
      "type": "google_project_service",
      "name": "logging_api",
      "provider": "provider[\"registry.terraform.io/hashicorp/google\"]",
      "instances": [
        {
          "schema_version": 0,
          "attributes": {
            "disable_dependent_services": null,
            "disable_on_destroy": true,
            "id": "student-registry-kub-jenkins/logging.googleapis.com",
            "project": "student-registry-kub-jenkins",
            "service": "logging.googleapis.com",
            "timeouts": null
          },
          "sensitive_attributes": [],
          "identity_schema_version": 0,
          "private": "eyJlMmJmYjczMC1lY2FhLTExZTYtOGY4OC0zNDM2M2JjN2M0YzAiOnsiY3JlYXRlIjoxMjAwMDAwMDAwMDAwLCJkZWxldGUiOjEyMDAwMDAwMDAwMDAsInJlYWQiOjYwMDAwMDAwMDAwMCwidXBkYXRlIjoxMjAwMDAwMDAwMDAwfX0="
        }
      ]
    },
    {
      "mode": "managed",
      "type": "google_project_service",
      "name": "monitoring_api",
      "provider": "provider[\"registry.terraform.io/hashicorp/google\"]",
      "instances": [
        {
          "schema_version": 0,
          "attributes": {
            "disable_dependent_services": null,
            "disable_on_destroy": true,
            "id": "student-registry-kub-jenkins/monitoring.googleapis.com",
            "project": "student-registry-kub-jenkins",
            "service": "monitoring.googleapis.com",
            "timeouts": null
          },
          "sensitive_attributes": [],
          "identity_schema_version": 0,
          "private": "eyJlMmJmYjczMC1lY2FhLTExZTYtOGY4OC0zNDM2M2JjN2M0YzAiOnsiY3JlYXRlIjoxMjAwMDAwMDAwMDAwLCJkZWxldGUiOjEyMDAwMDAwMDAwMDAsInJlYWQiOjYwMDAwMDAwMDAwMCwidXBkYXRlIjoxMjAwMDAwMDAwMDAwfX0="
        }
      ]
    }
  ],
  "check_results": null
}
